// !$*UTF8*$!
{
	archiveVersion = 1;
	classes = {
	};
	objectVersion = 51;
	objects = {

/* Begin PBXBuildFile section */
		4CA9B7AE7DD6C793C0755A78 /* Pods_SwiftKnockApp_SwiftKnockAppUITests.framework in Frameworks */ = {isa = PBXBuildFile; fileRef = 85019AC1B2D484D1176787B4 /* Pods_SwiftKnockApp_SwiftKnockAppUITests.framework */; };
		9918600866DFC07A9A5E873A /* Pods_SwiftKnockApp.framework in Frameworks */ = {isa = PBXBuildFile; fileRef = 2EFDB5E08AA707FAB80AE619 /* Pods_SwiftKnockApp.framework */; };
		9E32B22F2532B32200045EB1 /* AppDelegate.swift in Sources */ = {isa = PBXBuildFile; fileRef = 9E32B22E2532B32200045EB1 /* AppDelegate.swift */; };
		9E32B2312532B32200045EB1 /* SceneDelegate.swift in Sources */ = {isa = PBXBuildFile; fileRef = 9E32B2302532B32200045EB1 /* SceneDelegate.swift */; };
		9E32B2332532B32200045EB1 /* ViewController.swift in Sources */ = {isa = PBXBuildFile; fileRef = 9E32B2322532B32200045EB1 /* ViewController.swift */; };
		9E32B2362532B32200045EB1 /* Main.storyboard in Resources */ = {isa = PBXBuildFile; fileRef = 9E32B2342532B32200045EB1 /* Main.storyboard */; };
		9E32B2392532B32200045EB1 /* SwiftKnockApp.xcdatamodeld in Sources */ = {isa = PBXBuildFile; fileRef = 9E32B2372532B32200045EB1 /* SwiftKnockApp.xcdatamodeld */; };
		9E32B23B2532B32300045EB1 /* Assets.xcassets in Resources */ = {isa = PBXBuildFile; fileRef = 9E32B23A2532B32300045EB1 /* Assets.xcassets */; };
		9E32B23E2532B32300045EB1 /* LaunchScreen.storyboard in Resources */ = {isa = PBXBuildFile; fileRef = 9E32B23C2532B32300045EB1 /* LaunchScreen.storyboard */; };
		9E32B2492532B32300045EB1 /* SwiftKnockAppTests.swift in Sources */ = {isa = PBXBuildFile; fileRef = 9E32B2482532B32300045EB1 /* SwiftKnockAppTests.swift */; };
		9E32B2542532B32300045EB1 /* SwiftKnockAppUITests.swift in Sources */ = {isa = PBXBuildFile; fileRef = 9E32B2532532B32300045EB1 /* SwiftKnockAppUITests.swift */; };
		9EEE79BE2532B98E0095A06A /* SecondTableViewController.swift in Sources */ = {isa = PBXBuildFile; fileRef = 9EEE79BD2532B98E0095A06A /* SecondTableViewController.swift */; };
		9EEE79C62532B9A30095A06A /* SecondTableView.storyboard in Resources */ = {isa = PBXBuildFile; fileRef = 9EEE79C52532B9A30095A06A /* SecondTableView.storyboard */; };
		9EEE79EF2532C1E90095A06A /* ThirdTableView.storyboard in Resources */ = {isa = PBXBuildFile; fileRef = 9EEE79EE2532C1E90095A06A /* ThirdTableView.storyboard */; };
		9EEE79F42532C1FC0095A06A /* ThirdTableViewController.swift in Sources */ = {isa = PBXBuildFile; fileRef = 9EEE79F32532C1FC0095A06A /* ThirdTableViewController.swift */; };
		9EEE79FA2532D5010095A06A /* QuestionView.storyboard in Resources */ = {isa = PBXBuildFile; fileRef = 9EEE79F92532D5010095A06A /* QuestionView.storyboard */; };
		9EEE79FF2532D5130095A06A /* QuestionViewController.swift in Sources */ = {isa = PBXBuildFile; fileRef = 9EEE79FE2532D5130095A06A /* QuestionViewController.swift */; };
		9EEE7A052532E4430095A06A /* Struct.swift in Sources */ = {isa = PBXBuildFile; fileRef = 9EEE7A042532E4430095A06A /* Struct.swift */; };
		9EEE7A16253316E50095A06A /* QuestionView.xib in Resources */ = {isa = PBXBuildFile; fileRef = 9EEE7A15253316E50095A06A /* QuestionView.xib */; };
		9EEE7A1B253318170095A06A /* QuestionView.swift in Sources */ = {isa = PBXBuildFile; fileRef = 9EEE7A1A253318170095A06A /* QuestionView.swift */; };
		BE9965462A631E72C3B8BF9E /* Pods_SwiftKnockAppTests.framework in Frameworks */ = {isa = PBXBuildFile; fileRef = 790546492756FD85848A50F9 /* Pods_SwiftKnockAppTests.framework */; };
/* End PBXBuildFile section */

/* Begin PBXContainerItemProxy section */
		9E32B2452532B32300045EB1 /* PBXContainerItemProxy */ = {
			isa = PBXContainerItemProxy;
			containerPortal = 9E32B2232532B32200045EB1 /* Project object */;
			proxyType = 1;
			remoteGlobalIDString = 9E32B22A2532B32200045EB1;
			remoteInfo = SwiftKnockApp;
		};
		9E32B2502532B32300045EB1 /* PBXContainerItemProxy */ = {
			isa = PBXContainerItemProxy;
			containerPortal = 9E32B2232532B32200045EB1 /* Project object */;
			proxyType = 1;
			remoteGlobalIDString = 9E32B22A2532B32200045EB1;
			remoteInfo = SwiftKnockApp;
		};
/* End PBXContainerItemProxy section */

/* Begin PBXFileReference section */
		18801EFC0C45322AAC0C16DD /* Pods-SwiftKnockApp.debug.xcconfig */ = {isa = PBXFileReference; includeInIndex = 1; lastKnownFileType = text.xcconfig; name = "Pods-SwiftKnockApp.debug.xcconfig"; path = "Target Support Files/Pods-SwiftKnockApp/Pods-SwiftKnockApp.debug.xcconfig"; sourceTree = "<group>"; };
		1E988C08C5776529AEE3F5DD /* Pods-SwiftKnockApp-SwiftKnockAppUITests.debug.xcconfig */ = {isa = PBXFileReference; includeInIndex = 1; lastKnownFileType = text.xcconfig; name = "Pods-SwiftKnockApp-SwiftKnockAppUITests.debug.xcconfig"; path = "Target Support Files/Pods-SwiftKnockApp-SwiftKnockAppUITests/Pods-SwiftKnockApp-SwiftKnockAppUITests.debug.xcconfig"; sourceTree = "<group>"; };
		2EFDB5E08AA707FAB80AE619 /* Pods_SwiftKnockApp.framework */ = {isa = PBXFileReference; explicitFileType = wrapper.framework; includeInIndex = 0; path = Pods_SwiftKnockApp.framework; sourceTree = BUILT_PRODUCTS_DIR; };
		4B6686FC6A9CB214008ECB8B /* Pods-SwiftKnockAppTests.debug.xcconfig */ = {isa = PBXFileReference; includeInIndex = 1; lastKnownFileType = text.xcconfig; name = "Pods-SwiftKnockAppTests.debug.xcconfig"; path = "Target Support Files/Pods-SwiftKnockAppTests/Pods-SwiftKnockAppTests.debug.xcconfig"; sourceTree = "<group>"; };
		50B16F7246EFD7B5E545B3D8 /* Pods-SwiftKnockApp.release.xcconfig */ = {isa = PBXFileReference; includeInIndex = 1; lastKnownFileType = text.xcconfig; name = "Pods-SwiftKnockApp.release.xcconfig"; path = "Target Support Files/Pods-SwiftKnockApp/Pods-SwiftKnockApp.release.xcconfig"; sourceTree = "<group>"; };
		790546492756FD85848A50F9 /* Pods_SwiftKnockAppTests.framework */ = {isa = PBXFileReference; explicitFileType = wrapper.framework; includeInIndex = 0; path = Pods_SwiftKnockAppTests.framework; sourceTree = BUILT_PRODUCTS_DIR; };
		7D85EBB05688C00DF2CC1D53 /* Pods-SwiftKnockApp-SwiftKnockAppUITests.release.xcconfig */ = {isa = PBXFileReference; includeInIndex = 1; lastKnownFileType = text.xcconfig; name = "Pods-SwiftKnockApp-SwiftKnockAppUITests.release.xcconfig"; path = "Target Support Files/Pods-SwiftKnockApp-SwiftKnockAppUITests/Pods-SwiftKnockApp-SwiftKnockAppUITests.release.xcconfig"; sourceTree = "<group>"; };
		85019AC1B2D484D1176787B4 /* Pods_SwiftKnockApp_SwiftKnockAppUITests.framework */ = {isa = PBXFileReference; explicitFileType = wrapper.framework; includeInIndex = 0; path = Pods_SwiftKnockApp_SwiftKnockAppUITests.framework; sourceTree = BUILT_PRODUCTS_DIR; };
		9E32B22B2532B32200045EB1 /* SwiftKnockApp.app */ = {isa = PBXFileReference; explicitFileType = wrapper.application; includeInIndex = 0; path = SwiftKnockApp.app; sourceTree = BUILT_PRODUCTS_DIR; };
		9E32B22E2532B32200045EB1 /* AppDelegate.swift */ = {isa = PBXFileReference; lastKnownFileType = sourcecode.swift; path = AppDelegate.swift; sourceTree = "<group>"; };
		9E32B2302532B32200045EB1 /* SceneDelegate.swift */ = {isa = PBXFileReference; lastKnownFileType = sourcecode.swift; path = SceneDelegate.swift; sourceTree = "<group>"; };
		9E32B2322532B32200045EB1 /* ViewController.swift */ = {isa = PBXFileReference; lastKnownFileType = sourcecode.swift; path = ViewController.swift; sourceTree = "<group>"; };
		9E32B2352532B32200045EB1 /* Base */ = {isa = PBXFileReference; lastKnownFileType = file.storyboard; name = Base; path = Base.lproj/Main.storyboard; sourceTree = "<group>"; };
		9E32B2382532B32200045EB1 /* SwiftKnockApp.xcdatamodel */ = {isa = PBXFileReference; lastKnownFileType = wrapper.xcdatamodel; path = SwiftKnockApp.xcdatamodel; sourceTree = "<group>"; };
		9E32B23A2532B32300045EB1 /* Assets.xcassets */ = {isa = PBXFileReference; lastKnownFileType = folder.assetcatalog; path = Assets.xcassets; sourceTree = "<group>"; };
		9E32B23D2532B32300045EB1 /* Base */ = {isa = PBXFileReference; lastKnownFileType = file.storyboard; name = Base; path = Base.lproj/LaunchScreen.storyboard; sourceTree = "<group>"; };
		9E32B23F2532B32300045EB1 /* Info.plist */ = {isa = PBXFileReference; lastKnownFileType = text.plist.xml; path = Info.plist; sourceTree = "<group>"; };
		9E32B2442532B32300045EB1 /* SwiftKnockAppTests.xctest */ = {isa = PBXFileReference; explicitFileType = wrapper.cfbundle; includeInIndex = 0; path = SwiftKnockAppTests.xctest; sourceTree = BUILT_PRODUCTS_DIR; };
		9E32B2482532B32300045EB1 /* SwiftKnockAppTests.swift */ = {isa = PBXFileReference; lastKnownFileType = sourcecode.swift; path = SwiftKnockAppTests.swift; sourceTree = "<group>"; };
		9E32B24A2532B32300045EB1 /* Info.plist */ = {isa = PBXFileReference; lastKnownFileType = text.plist.xml; path = Info.plist; sourceTree = "<group>"; };
		9E32B24F2532B32300045EB1 /* SwiftKnockAppUITests.xctest */ = {isa = PBXFileReference; explicitFileType = wrapper.cfbundle; includeInIndex = 0; path = SwiftKnockAppUITests.xctest; sourceTree = BUILT_PRODUCTS_DIR; };
		9E32B2532532B32300045EB1 /* SwiftKnockAppUITests.swift */ = {isa = PBXFileReference; lastKnownFileType = sourcecode.swift; path = SwiftKnockAppUITests.swift; sourceTree = "<group>"; };
		9E32B2552532B32300045EB1 /* Info.plist */ = {isa = PBXFileReference; lastKnownFileType = text.plist.xml; path = Info.plist; sourceTree = "<group>"; };
		9EEE79BD2532B98E0095A06A /* SecondTableViewController.swift */ = {isa = PBXFileReference; lastKnownFileType = sourcecode.swift; path = SecondTableViewController.swift; sourceTree = "<group>"; };
		9EEE79C52532B9A30095A06A /* SecondTableView.storyboard */ = {isa = PBXFileReference; lastKnownFileType = file.storyboard; path = SecondTableView.storyboard; sourceTree = "<group>"; };
		9EEE79EE2532C1E90095A06A /* ThirdTableView.storyboard */ = {isa = PBXFileReference; lastKnownFileType = file.storyboard; path = ThirdTableView.storyboard; sourceTree = "<group>"; };
		9EEE79F32532C1FC0095A06A /* ThirdTableViewController.swift */ = {isa = PBXFileReference; lastKnownFileType = sourcecode.swift; path = ThirdTableViewController.swift; sourceTree = "<group>"; };
		9EEE79F92532D5010095A06A /* QuestionView.storyboard */ = {isa = PBXFileReference; lastKnownFileType = file.storyboard; path = QuestionView.storyboard; sourceTree = "<group>"; };
		9EEE79FE2532D5130095A06A /* QuestionViewController.swift */ = {isa = PBXFileReference; lastKnownFileType = sourcecode.swift; path = QuestionViewController.swift; sourceTree = "<group>"; };
		9EEE7A042532E4430095A06A /* Struct.swift */ = {isa = PBXFileReference; lastKnownFileType = sourcecode.swift; path = Struct.swift; sourceTree = "<group>"; };
		9EEE7A15253316E50095A06A /* QuestionView.xib */ = {isa = PBXFileReference; lastKnownFileType = file.xib; path = QuestionView.xib; sourceTree = "<group>"; };
		9EEE7A1A253318170095A06A /* QuestionView.swift */ = {isa = PBXFileReference; lastKnownFileType = sourcecode.swift; path = QuestionView.swift; sourceTree = "<group>"; };
		F1CB73D4402A9A0744E500EB /* Pods-SwiftKnockAppTests.release.xcconfig */ = {isa = PBXFileReference; includeInIndex = 1; lastKnownFileType = text.xcconfig; name = "Pods-SwiftKnockAppTests.release.xcconfig"; path = "Target Support Files/Pods-SwiftKnockAppTests/Pods-SwiftKnockAppTests.release.xcconfig"; sourceTree = "<group>"; };
/* End PBXFileReference section */

/* Begin PBXFrameworksBuildPhase section */
		9E32B2282532B32200045EB1 /* Frameworks */ = {
			isa = PBXFrameworksBuildPhase;
			buildActionMask = 2147483647;
			files = (
				9918600866DFC07A9A5E873A /* Pods_SwiftKnockApp.framework in Frameworks */,
			);
			runOnlyForDeploymentPostprocessing = 0;
		};
		9E32B2412532B32300045EB1 /* Frameworks */ = {
			isa = PBXFrameworksBuildPhase;
			buildActionMask = 2147483647;
			files = (
				BE9965462A631E72C3B8BF9E /* Pods_SwiftKnockAppTests.framework in Frameworks */,
			);
			runOnlyForDeploymentPostprocessing = 0;
		};
		9E32B24C2532B32300045EB1 /* Frameworks */ = {
			isa = PBXFrameworksBuildPhase;
			buildActionMask = 2147483647;
			files = (
				4CA9B7AE7DD6C793C0755A78 /* Pods_SwiftKnockApp_SwiftKnockAppUITests.framework in Frameworks */,
			);
			runOnlyForDeploymentPostprocessing = 0;
		};
/* End PBXFrameworksBuildPhase section */

/* Begin PBXGroup section */
		9E32B2222532B32200045EB1 = {
			isa = PBXGroup;
			children = (
				9E32B22D2532B32200045EB1 /* SwiftKnockApp */,
				9E32B2472532B32300045EB1 /* SwiftKnockAppTests */,
				9E32B2522532B32300045EB1 /* SwiftKnockAppUITests */,
				9E32B22C2532B32200045EB1 /* Products */,
				A44A17D3CD55D8AAD08E631A /* Pods */,
				AEC4B7FE033A900458173D2E /* Frameworks */,
			);
			sourceTree = "<group>";
		};
		9E32B22C2532B32200045EB1 /* Products */ = {
			isa = PBXGroup;
			children = (
				9E32B22B2532B32200045EB1 /* SwiftKnockApp.app */,
				9E32B2442532B32300045EB1 /* SwiftKnockAppTests.xctest */,
				9E32B24F2532B32300045EB1 /* SwiftKnockAppUITests.xctest */,
			);
			name = Products;
			sourceTree = "<group>";
		};
		9E32B22D2532B32200045EB1 /* SwiftKnockApp */ = {
			isa = PBXGroup;
			children = (
				9EEE7A14253316CE0095A06A /* Xibs */,
				9EEE7A032532E4260095A06A /* Extension */,
				9EEE79F82532D32E0095A06A /* QuestionView */,
				9EEE79EA2532C1B60095A06A /* ThirdTableView */,
				9EEE79BC2532B9730095A06A /* SecondTableView */,
				9E32B2642532B3C800045EB1 /* Main */,
				9E32B22E2532B32200045EB1 /* AppDelegate.swift */,
				9E32B2302532B32200045EB1 /* SceneDelegate.swift */,
				9E32B23A2532B32300045EB1 /* Assets.xcassets */,
				9E32B23C2532B32300045EB1 /* LaunchScreen.storyboard */,
				9E32B23F2532B32300045EB1 /* Info.plist */,
				9E32B2372532B32200045EB1 /* SwiftKnockApp.xcdatamodeld */,
			);
			path = SwiftKnockApp;
			sourceTree = "<group>";
		};
		9E32B2472532B32300045EB1 /* SwiftKnockAppTests */ = {
			isa = PBXGroup;
			children = (
				9E32B2482532B32300045EB1 /* SwiftKnockAppTests.swift */,
				9E32B24A2532B32300045EB1 /* Info.plist */,
			);
			path = SwiftKnockAppTests;
			sourceTree = "<group>";
		};
		9E32B2522532B32300045EB1 /* SwiftKnockAppUITests */ = {
			isa = PBXGroup;
			children = (
				9E32B2532532B32300045EB1 /* SwiftKnockAppUITests.swift */,
				9E32B2552532B32300045EB1 /* Info.plist */,
			);
			path = SwiftKnockAppUITests;
			sourceTree = "<group>";
		};
		9E32B2642532B3C800045EB1 /* Main */ = {
			isa = PBXGroup;
			children = (
				9E32B2322532B32200045EB1 /* ViewController.swift */,
				9E32B2342532B32200045EB1 /* Main.storyboard */,
			);
			path = Main;
			sourceTree = "<group>";
		};
		9EEE79BC2532B9730095A06A /* SecondTableView */ = {
			isa = PBXGroup;
			children = (
				9EEE79BD2532B98E0095A06A /* SecondTableViewController.swift */,
				9EEE79C52532B9A30095A06A /* SecondTableView.storyboard */,
			);
			path = SecondTableView;
			sourceTree = "<group>";
		};
		9EEE79EA2532C1B60095A06A /* ThirdTableView */ = {
			isa = PBXGroup;
			children = (
				9EEE79EE2532C1E90095A06A /* ThirdTableView.storyboard */,
				9EEE79F32532C1FC0095A06A /* ThirdTableViewController.swift */,
			);
			path = ThirdTableView;
			sourceTree = "<group>";
		};
		9EEE79F82532D32E0095A06A /* QuestionView */ = {
			isa = PBXGroup;
			children = (
				9EEE79F92532D5010095A06A /* QuestionView.storyboard */,
				9EEE79FE2532D5130095A06A /* QuestionViewController.swift */,
			);
			path = QuestionView;
			sourceTree = "<group>";
		};
		9EEE7A032532E4260095A06A /* Extension */ = {
			isa = PBXGroup;
			children = (
				9EEE7A042532E4430095A06A /* Struct.swift */,
			);
			path = Extension;
			sourceTree = "<group>";
		};
		9EEE7A14253316CE0095A06A /* Xibs */ = {
			isa = PBXGroup;
			children = (
				9EEE7A15253316E50095A06A /* QuestionView.xib */,
				9EEE7A1A253318170095A06A /* QuestionView.swift */,
			);
			path = Xibs;
			sourceTree = "<group>";
		};
		A44A17D3CD55D8AAD08E631A /* Pods */ = {
			isa = PBXGroup;
			children = (
				18801EFC0C45322AAC0C16DD /* Pods-SwiftKnockApp.debug.xcconfig */,
				50B16F7246EFD7B5E545B3D8 /* Pods-SwiftKnockApp.release.xcconfig */,
				1E988C08C5776529AEE3F5DD /* Pods-SwiftKnockApp-SwiftKnockAppUITests.debug.xcconfig */,
				7D85EBB05688C00DF2CC1D53 /* Pods-SwiftKnockApp-SwiftKnockAppUITests.release.xcconfig */,
				4B6686FC6A9CB214008ECB8B /* Pods-SwiftKnockAppTests.debug.xcconfig */,
				F1CB73D4402A9A0744E500EB /* Pods-SwiftKnockAppTests.release.xcconfig */,
			);
			path = Pods;
			sourceTree = "<group>";
		};
		AEC4B7FE033A900458173D2E /* Frameworks */ = {
			isa = PBXGroup;
			children = (
				2EFDB5E08AA707FAB80AE619 /* Pods_SwiftKnockApp.framework */,
				85019AC1B2D484D1176787B4 /* Pods_SwiftKnockApp_SwiftKnockAppUITests.framework */,
				790546492756FD85848A50F9 /* Pods_SwiftKnockAppTests.framework */,
			);
			name = Frameworks;
			sourceTree = "<group>";
		};
/* End PBXGroup section */

/* Begin PBXNativeTarget section */
		9E32B22A2532B32200045EB1 /* SwiftKnockApp */ = {
			isa = PBXNativeTarget;
			buildConfigurationList = 9E32B2582532B32300045EB1 /* Build configuration list for PBXNativeTarget "SwiftKnockApp" */;
			buildPhases = (
				69B3A189DB6F4C340FDF171C /* [CP] Check Pods Manifest.lock */,
				9E32B2272532B32200045EB1 /* Sources */,
				9E32B2282532B32200045EB1 /* Frameworks */,
				9E32B2292532B32200045EB1 /* Resources */,
				BE660A859DFE8E3A816B0298 /* [CP] Embed Pods Frameworks */,
			);
			buildRules = (
			);
			dependencies = (
			);
			name = SwiftKnockApp;
			productName = SwiftKnockApp;
			productReference = 9E32B22B2532B32200045EB1 /* SwiftKnockApp.app */;
			productType = "com.apple.product-type.application";
		};
		9E32B2432532B32300045EB1 /* SwiftKnockAppTests */ = {
			isa = PBXNativeTarget;
			buildConfigurationList = 9E32B25B2532B32300045EB1 /* Build configuration list for PBXNativeTarget "SwiftKnockAppTests" */;
			buildPhases = (
				0D52AFF0395D984C755D66DF /* [CP] Check Pods Manifest.lock */,
				9E32B2402532B32300045EB1 /* Sources */,
				9E32B2412532B32300045EB1 /* Frameworks */,
				9E32B2422532B32300045EB1 /* Resources */,
			);
			buildRules = (
			);
			dependencies = (
				9E32B2462532B32300045EB1 /* PBXTargetDependency */,
			);
			name = SwiftKnockAppTests;
			productName = SwiftKnockAppTests;
			productReference = 9E32B2442532B32300045EB1 /* SwiftKnockAppTests.xctest */;
			productType = "com.apple.product-type.bundle.unit-test";
		};
		9E32B24E2532B32300045EB1 /* SwiftKnockAppUITests */ = {
			isa = PBXNativeTarget;
			buildConfigurationList = 9E32B25E2532B32300045EB1 /* Build configuration list for PBXNativeTarget "SwiftKnockAppUITests" */;
			buildPhases = (
				45B3B96B2E22962E11D57D6F /* [CP] Check Pods Manifest.lock */,
				9E32B24B2532B32300045EB1 /* Sources */,
				9E32B24C2532B32300045EB1 /* Frameworks */,
				9E32B24D2532B32300045EB1 /* Resources */,
				3B9807AE63D9B6B9899D4BF4 /* [CP] Embed Pods Frameworks */,
			);
			buildRules = (
			);
			dependencies = (
				9E32B2512532B32300045EB1 /* PBXTargetDependency */,
			);
			name = SwiftKnockAppUITests;
			productName = SwiftKnockAppUITests;
			productReference = 9E32B24F2532B32300045EB1 /* SwiftKnockAppUITests.xctest */;
			productType = "com.apple.product-type.bundle.ui-testing";
		};
/* End PBXNativeTarget section */

/* Begin PBXProject section */
		9E32B2232532B32200045EB1 /* Project object */ = {
			isa = PBXProject;
			attributes = {
				LastSwiftUpdateCheck = 1200;
				LastUpgradeCheck = 1200;
				TargetAttributes = {
					9E32B22A2532B32200045EB1 = {
						CreatedOnToolsVersion = 12.0.1;
					};
					9E32B2432532B32300045EB1 = {
						CreatedOnToolsVersion = 12.0.1;
						TestTargetID = 9E32B22A2532B32200045EB1;
					};
					9E32B24E2532B32300045EB1 = {
						CreatedOnToolsVersion = 12.0.1;
						TestTargetID = 9E32B22A2532B32200045EB1;
					};
				};
			};
			buildConfigurationList = 9E32B2262532B32200045EB1 /* Build configuration list for PBXProject "SwiftKnockApp" */;
			compatibilityVersion = "Xcode 9.3";
			developmentRegion = en;
			hasScannedForEncodings = 0;
			knownRegions = (
				en,
				Base,
			);
			mainGroup = 9E32B2222532B32200045EB1;
			productRefGroup = 9E32B22C2532B32200045EB1 /* Products */;
			projectDirPath = "";
			projectRoot = "";
			targets = (
				9E32B22A2532B32200045EB1 /* SwiftKnockApp */,
				9E32B2432532B32300045EB1 /* SwiftKnockAppTests */,
				9E32B24E2532B32300045EB1 /* SwiftKnockAppUITests */,
			);
		};
/* End PBXProject section */

/* Begin PBXResourcesBuildPhase section */
		9E32B2292532B32200045EB1 /* Resources */ = {
			isa = PBXResourcesBuildPhase;
			buildActionMask = 2147483647;
			files = (
				9EEE79C62532B9A30095A06A /* SecondTableView.storyboard in Resources */,
				9E32B23E2532B32300045EB1 /* LaunchScreen.storyboard in Resources */,
				9EEE7A16253316E50095A06A /* QuestionView.xib in Resources */,
				9E32B23B2532B32300045EB1 /* Assets.xcassets in Resources */,
				9EEE79FA2532D5010095A06A /* QuestionView.storyboard in Resources */,
				9E32B2362532B32200045EB1 /* Main.storyboard in Resources */,
				9EEE79EF2532C1E90095A06A /* ThirdTableView.storyboard in Resources */,
			);
			runOnlyForDeploymentPostprocessing = 0;
		};
		9E32B2422532B32300045EB1 /* Resources */ = {
			isa = PBXResourcesBuildPhase;
			buildActionMask = 2147483647;
			files = (
			);
			runOnlyForDeploymentPostprocessing = 0;
		};
		9E32B24D2532B32300045EB1 /* Resources */ = {
			isa = PBXResourcesBuildPhase;
			buildActionMask = 2147483647;
			files = (
			);
			runOnlyForDeploymentPostprocessing = 0;
		};
/* End PBXResourcesBuildPhase section */

/* Begin PBXShellScriptBuildPhase section */
		0D52AFF0395D984C755D66DF /* [CP] Check Pods Manifest.lock */ = {
			isa = PBXShellScriptBuildPhase;
			buildActionMask = 2147483647;
			files = (
			);
			inputFileListPaths = (
			);
			inputPaths = (
				"${PODS_PODFILE_DIR_PATH}/Podfile.lock",
				"${PODS_ROOT}/Manifest.lock",
			);
			name = "[CP] Check Pods Manifest.lock";
			outputFileListPaths = (
			);
			outputPaths = (
				"$(DERIVED_FILE_DIR)/Pods-SwiftKnockAppTests-checkManifestLockResult.txt",
			);
			runOnlyForDeploymentPostprocessing = 0;
			shellPath = /bin/sh;
			shellScript = "diff \"${PODS_PODFILE_DIR_PATH}/Podfile.lock\" \"${PODS_ROOT}/Manifest.lock\" > /dev/null\nif [ $? != 0 ] ; then\n    # print error to STDERR\n    echo \"error: The sandbox is not in sync with the Podfile.lock. Run 'pod install' or update your CocoaPods installation.\" >&2\n    exit 1\nfi\n# This output is used by Xcode 'outputs' to avoid re-running this script phase.\necho \"SUCCESS\" > \"${SCRIPT_OUTPUT_FILE_0}\"\n";
			showEnvVarsInLog = 0;
		};
		3B9807AE63D9B6B9899D4BF4 /* [CP] Embed Pods Frameworks */ = {
			isa = PBXShellScriptBuildPhase;
			buildActionMask = 2147483647;
			files = (
			);
			inputFileListPaths = (
				"${PODS_ROOT}/Target Support Files/Pods-SwiftKnockApp-SwiftKnockAppUITests/Pods-SwiftKnockApp-SwiftKnockAppUITests-frameworks-${CONFIGURATION}-input-files.xcfilelist",
			);
			name = "[CP] Embed Pods Frameworks";
			outputFileListPaths = (
				"${PODS_ROOT}/Target Support Files/Pods-SwiftKnockApp-SwiftKnockAppUITests/Pods-SwiftKnockApp-SwiftKnockAppUITests-frameworks-${CONFIGURATION}-output-files.xcfilelist",
			);
			runOnlyForDeploymentPostprocessing = 0;
			shellPath = /bin/sh;
			shellScript = "\"${PODS_ROOT}/Target Support Files/Pods-SwiftKnockApp-SwiftKnockAppUITests/Pods-SwiftKnockApp-SwiftKnockAppUITests-frameworks.sh\"\n";
			showEnvVarsInLog = 0;
		};
		45B3B96B2E22962E11D57D6F /* [CP] Check Pods Manifest.lock */ = {
			isa = PBXShellScriptBuildPhase;
			buildActionMask = 2147483647;
			files = (
			);
			inputFileListPaths = (
			);
			inputPaths = (
				"${PODS_PODFILE_DIR_PATH}/Podfile.lock",
				"${PODS_ROOT}/Manifest.lock",
			);
			name = "[CP] Check Pods Manifest.lock";
			outputFileListPaths = (
			);
			outputPaths = (
				"$(DERIVED_FILE_DIR)/Pods-SwiftKnockApp-SwiftKnockAppUITests-checkManifestLockResult.txt",
			);
			runOnlyForDeploymentPostprocessing = 0;
			shellPath = /bin/sh;
			shellScript = "diff \"${PODS_PODFILE_DIR_PATH}/Podfile.lock\" \"${PODS_ROOT}/Manifest.lock\" > /dev/null\nif [ $? != 0 ] ; then\n    # print error to STDERR\n    echo \"error: The sandbox is not in sync with the Podfile.lock. Run 'pod install' or update your CocoaPods installation.\" >&2\n    exit 1\nfi\n# This output is used by Xcode 'outputs' to avoid re-running this script phase.\necho \"SUCCESS\" > \"${SCRIPT_OUTPUT_FILE_0}\"\n";
			showEnvVarsInLog = 0;
		};
		69B3A189DB6F4C340FDF171C /* [CP] Check Pods Manifest.lock */ = {
			isa = PBXShellScriptBuildPhase;
			buildActionMask = 2147483647;
			files = (
			);
			inputFileListPaths = (
			);
			inputPaths = (
				"${PODS_PODFILE_DIR_PATH}/Podfile.lock",
				"${PODS_ROOT}/Manifest.lock",
			);
			name = "[CP] Check Pods Manifest.lock";
			outputFileListPaths = (
			);
			outputPaths = (
				"$(DERIVED_FILE_DIR)/Pods-SwiftKnockApp-checkManifestLockResult.txt",
			);
			runOnlyForDeploymentPostprocessing = 0;
			shellPath = /bin/sh;
			shellScript = "diff \"${PODS_PODFILE_DIR_PATH}/Podfile.lock\" \"${PODS_ROOT}/Manifest.lock\" > /dev/null\nif [ $? != 0 ] ; then\n    # print error to STDERR\n    echo \"error: The sandbox is not in sync with the Podfile.lock. Run 'pod install' or update your CocoaPods installation.\" >&2\n    exit 1\nfi\n# This output is used by Xcode 'outputs' to avoid re-running this script phase.\necho \"SUCCESS\" > \"${SCRIPT_OUTPUT_FILE_0}\"\n";
			showEnvVarsInLog = 0;
		};
		BE660A859DFE8E3A816B0298 /* [CP] Embed Pods Frameworks */ = {
			isa = PBXShellScriptBuildPhase;
			buildActionMask = 2147483647;
			files = (
			);
			inputFileListPaths = (
				"${PODS_ROOT}/Target Support Files/Pods-SwiftKnockApp/Pods-SwiftKnockApp-frameworks-${CONFIGURATION}-input-files.xcfilelist",
			);
			name = "[CP] Embed Pods Frameworks";
			outputFileListPaths = (
				"${PODS_ROOT}/Target Support Files/Pods-SwiftKnockApp/Pods-SwiftKnockApp-frameworks-${CONFIGURATION}-output-files.xcfilelist",
			);
			runOnlyForDeploymentPostprocessing = 0;
			shellPath = /bin/sh;
			shellScript = "\"${PODS_ROOT}/Target Support Files/Pods-SwiftKnockApp/Pods-SwiftKnockApp-frameworks.sh\"\n";
			showEnvVarsInLog = 0;
		};
/* End PBXShellScriptBuildPhase section */

/* Begin PBXSourcesBuildPhase section */
		9E32B2272532B32200045EB1 /* Sources */ = {
			isa = PBXSourcesBuildPhase;
			buildActionMask = 2147483647;
			files = (
				9EEE79BE2532B98E0095A06A /* SecondTableViewController.swift in Sources */,
				9E32B2332532B32200045EB1 /* ViewController.swift in Sources */,
				9EEE79FF2532D5130095A06A /* QuestionViewController.swift in Sources */,
				9E32B22F2532B32200045EB1 /* AppDelegate.swift in Sources */,
				9EEE7A052532E4430095A06A /* Struct.swift in Sources */,
				9E32B2392532B32200045EB1 /* SwiftKnockApp.xcdatamodeld in Sources */,
				9E32B2312532B32200045EB1 /* SceneDelegate.swift in Sources */,
				9EEE7A1B253318170095A06A /* QuestionView.swift in Sources */,
				9EEE79F42532C1FC0095A06A /* ThirdTableViewController.swift in Sources */,
			);
			runOnlyForDeploymentPostprocessing = 0;
		};
		9E32B2402532B32300045EB1 /* Sources */ = {
			isa = PBXSourcesBuildPhase;
			buildActionMask = 2147483647;
			files = (
				9E32B2492532B32300045EB1 /* SwiftKnockAppTests.swift in Sources */,
			);
			runOnlyForDeploymentPostprocessing = 0;
		};
		9E32B24B2532B32300045EB1 /* Sources */ = {
			isa = PBXSourcesBuildPhase;
			buildActionMask = 2147483647;
			files = (
				9E32B2542532B32300045EB1 /* SwiftKnockAppUITests.swift in Sources */,
			);
			runOnlyForDeploymentPostprocessing = 0;
		};
/* End PBXSourcesBuildPhase section */

/* Begin PBXTargetDependency section */
		9E32B2462532B32300045EB1 /* PBXTargetDependency */ = {
			isa = PBXTargetDependency;
			target = 9E32B22A2532B32200045EB1 /* SwiftKnockApp */;
			targetProxy = 9E32B2452532B32300045EB1 /* PBXContainerItemProxy */;
		};
		9E32B2512532B32300045EB1 /* PBXTargetDependency */ = {
			isa = PBXTargetDependency;
			target = 9E32B22A2532B32200045EB1 /* SwiftKnockApp */;
			targetProxy = 9E32B2502532B32300045EB1 /* PBXContainerItemProxy */;
		};
/* End PBXTargetDependency section */

/* Begin PBXVariantGroup section */
		9E32B2342532B32200045EB1 /* Main.storyboard */ = {
			isa = PBXVariantGroup;
			children = (
				9E32B2352532B32200045EB1 /* Base */,
			);
			name = Main.storyboard;
			sourceTree = "<group>";
		};
		9E32B23C2532B32300045EB1 /* LaunchScreen.storyboard */ = {
			isa = PBXVariantGroup;
			children = (
				9E32B23D2532B32300045EB1 /* Base */,
			);
			name = LaunchScreen.storyboard;
			sourceTree = "<group>";
		};
/* End PBXVariantGroup section */

/* Begin XCBuildConfiguration section */
		9E32B2562532B32300045EB1 /* Debug */ = {
			isa = XCBuildConfiguration;
			buildSettings = {
				ALWAYS_SEARCH_USER_PATHS = NO;
				CLANG_ANALYZER_NONNULL = YES;
				CLANG_ANALYZER_NUMBER_OBJECT_CONVERSION = YES_AGGRESSIVE;
				CLANG_CXX_LANGUAGE_STANDARD = "gnu++14";
				CLANG_CXX_LIBRARY = "libc++";
				CLANG_ENABLE_MODULES = YES;
				CLANG_ENABLE_OBJC_ARC = YES;
				CLANG_ENABLE_OBJC_WEAK = YES;
				CLANG_WARN_BLOCK_CAPTURE_AUTORELEASING = YES;
				CLANG_WARN_BOOL_CONVERSION = YES;
				CLANG_WARN_COMMA = YES;
				CLANG_WARN_CONSTANT_CONVERSION = YES;
				CLANG_WARN_DEPRECATED_OBJC_IMPLEMENTATIONS = YES;
				CLANG_WARN_DIRECT_OBJC_ISA_USAGE = YES_ERROR;
				CLANG_WARN_DOCUMENTATION_COMMENTS = YES;
				CLANG_WARN_EMPTY_BODY = YES;
				CLANG_WARN_ENUM_CONVERSION = YES;
				CLANG_WARN_INFINITE_RECURSION = YES;
				CLANG_WARN_INT_CONVERSION = YES;
				CLANG_WARN_NON_LITERAL_NULL_CONVERSION = YES;
				CLANG_WARN_OBJC_IMPLICIT_RETAIN_SELF = YES;
				CLANG_WARN_OBJC_LITERAL_CONVERSION = YES;
				CLANG_WARN_OBJC_ROOT_CLASS = YES_ERROR;
				CLANG_WARN_QUOTED_INCLUDE_IN_FRAMEWORK_HEADER = YES;
				CLANG_WARN_RANGE_LOOP_ANALYSIS = YES;
				CLANG_WARN_STRICT_PROTOTYPES = YES;
				CLANG_WARN_SUSPICIOUS_MOVE = YES;
				CLANG_WARN_UNGUARDED_AVAILABILITY = YES_AGGRESSIVE;
				CLANG_WARN_UNREACHABLE_CODE = YES;
				CLANG_WARN__DUPLICATE_METHOD_MATCH = YES;
				COPY_PHASE_STRIP = NO;
				DEBUG_INFORMATION_FORMAT = dwarf;
				ENABLE_STRICT_OBJC_MSGSEND = YES;
				ENABLE_TESTABILITY = YES;
				GCC_C_LANGUAGE_STANDARD = gnu11;
				GCC_DYNAMIC_NO_PIC = NO;
				GCC_NO_COMMON_BLOCKS = YES;
				GCC_OPTIMIZATION_LEVEL = 0;
				GCC_PREPROCESSOR_DEFINITIONS = (
					"DEBUG=1",
					"$(inherited)",
				);
				GCC_WARN_64_TO_32_BIT_CONVERSION = YES;
				GCC_WARN_ABOUT_RETURN_TYPE = YES_ERROR;
				GCC_WARN_UNDECLARED_SELECTOR = YES;
				GCC_WARN_UNINITIALIZED_AUTOS = YES_AGGRESSIVE;
				GCC_WARN_UNUSED_FUNCTION = YES;
				GCC_WARN_UNUSED_VARIABLE = YES;
				IPHONEOS_DEPLOYMENT_TARGET = 14.0;
				MTL_ENABLE_DEBUG_INFO = INCLUDE_SOURCE;
				MTL_FAST_MATH = YES;
				ONLY_ACTIVE_ARCH = YES;
				SDKROOT = iphoneos;
				SWIFT_ACTIVE_COMPILATION_CONDITIONS = DEBUG;
				SWIFT_OPTIMIZATION_LEVEL = "-Onone";
			};
			name = Debug;
		};
		9E32B2572532B32300045EB1 /* Release */ = {
			isa = XCBuildConfiguration;
			buildSettings = {
				ALWAYS_SEARCH_USER_PATHS = NO;
				CLANG_ANALYZER_NONNULL = YES;
				CLANG_ANALYZER_NUMBER_OBJECT_CONVERSION = YES_AGGRESSIVE;
				CLANG_CXX_LANGUAGE_STANDARD = "gnu++14";
				CLANG_CXX_LIBRARY = "libc++";
				CLANG_ENABLE_MODULES = YES;
				CLANG_ENABLE_OBJC_ARC = YES;
				CLANG_ENABLE_OBJC_WEAK = YES;
				CLANG_WARN_BLOCK_CAPTURE_AUTORELEASING = YES;
				CLANG_WARN_BOOL_CONVERSION = YES;
				CLANG_WARN_COMMA = YES;
				CLANG_WARN_CONSTANT_CONVERSION = YES;
				CLANG_WARN_DEPRECATED_OBJC_IMPLEMENTATIONS = YES;
				CLANG_WARN_DIRECT_OBJC_ISA_USAGE = YES_ERROR;
				CLANG_WARN_DOCUMENTATION_COMMENTS = YES;
				CLANG_WARN_EMPTY_BODY = YES;
				CLANG_WARN_ENUM_CONVERSION = YES;
				CLANG_WARN_INFINITE_RECURSION = YES;
				CLANG_WARN_INT_CONVERSION = YES;
				CLANG_WARN_NON_LITERAL_NULL_CONVERSION = YES;
				CLANG_WARN_OBJC_IMPLICIT_RETAIN_SELF = YES;
				CLANG_WARN_OBJC_LITERAL_CONVERSION = YES;
				CLANG_WARN_OBJC_ROOT_CLASS = YES_ERROR;
				CLANG_WARN_QUOTED_INCLUDE_IN_FRAMEWORK_HEADER = YES;
				CLANG_WARN_RANGE_LOOP_ANALYSIS = YES;
				CLANG_WARN_STRICT_PROTOTYPES = YES;
				CLANG_WARN_SUSPICIOUS_MOVE = YES;
				CLANG_WARN_UNGUARDED_AVAILABILITY = YES_AGGRESSIVE;
				CLANG_WARN_UNREACHABLE_CODE = YES;
				CLANG_WARN__DUPLICATE_METHOD_MATCH = YES;
				COPY_PHASE_STRIP = NO;
				DEBUG_INFORMATION_FORMAT = "dwarf-with-dsym";
				ENABLE_NS_ASSERTIONS = NO;
				ENABLE_STRICT_OBJC_MSGSEND = YES;
				GCC_C_LANGUAGE_STANDARD = gnu11;
				GCC_NO_COMMON_BLOCKS = YES;
				GCC_WARN_64_TO_32_BIT_CONVERSION = YES;
				GCC_WARN_ABOUT_RETURN_TYPE = YES_ERROR;
				GCC_WARN_UNDECLARED_SELECTOR = YES;
				GCC_WARN_UNINITIALIZED_AUTOS = YES_AGGRESSIVE;
				GCC_WARN_UNUSED_FUNCTION = YES;
				GCC_WARN_UNUSED_VARIABLE = YES;
				IPHONEOS_DEPLOYMENT_TARGET = 14.0;
				MTL_ENABLE_DEBUG_INFO = NO;
				MTL_FAST_MATH = YES;
				SDKROOT = iphoneos;
				SWIFT_COMPILATION_MODE = wholemodule;
				SWIFT_OPTIMIZATION_LEVEL = "-O";
				VALIDATE_PRODUCT = YES;
			};
			name = Release;
		};
		9E32B2592532B32300045EB1 /* Debug */ = {
			isa = XCBuildConfiguration;
			baseConfigurationReference = 18801EFC0C45322AAC0C16DD /* Pods-SwiftKnockApp.debug.xcconfig */;
			buildSettings = {
				ASSETCATALOG_COMPILER_APPICON_NAME = AppIcon;
				ASSETCATALOG_COMPILER_GLOBAL_ACCENT_COLOR_NAME = AccentColor;
				CODE_SIGN_STYLE = Automatic;
				DEVELOPMENT_TEAM = T523PHK3SV;
				INFOPLIST_FILE = SwiftKnockApp/Info.plist;
				LD_RUNPATH_SEARCH_PATHS = (
					"$(inherited)",
					"@executable_path/Frameworks",
				);
				PRODUCT_BUNDLE_IDENTIFIER = mayumi.yamanishi.SwiftKnockApp;
				PRODUCT_NAME = "$(TARGET_NAME)";
				SWIFT_VERSION = 5.0;
				TARGETED_DEVICE_FAMILY = "1,2";
			};
			name = Debug;
		};
		9E32B25A2532B32300045EB1 /* Release */ = {
			isa = XCBuildConfiguration;
			baseConfigurationReference = 50B16F7246EFD7B5E545B3D8 /* Pods-SwiftKnockApp.release.xcconfig */;
			buildSettings = {
				ASSETCATALOG_COMPILER_APPICON_NAME = AppIcon;
				ASSETCATALOG_COMPILER_GLOBAL_ACCENT_COLOR_NAME = AccentColor;
				CODE_SIGN_STYLE = Automatic;
				DEVELOPMENT_TEAM = T523PHK3SV;
				INFOPLIST_FILE = SwiftKnockApp/Info.plist;
				LD_RUNPATH_SEARCH_PATHS = (
					"$(inherited)",
					"@executable_path/Frameworks",
				);
				PRODUCT_BUNDLE_IDENTIFIER = mayumi.yamanishi.SwiftKnockApp;
				PRODUCT_NAME = "$(TARGET_NAME)";
				SWIFT_VERSION = 5.0;
				TARGETED_DEVICE_FAMILY = "1,2";
			};
			name = Release;
		};
		9E32B25C2532B32300045EB1 /* Debug */ = {
			isa = XCBuildConfiguration;
			baseConfigurationReference = 4B6686FC6A9CB214008ECB8B /* Pods-SwiftKnockAppTests.debug.xcconfig */;
			buildSettings = {
				ALWAYS_EMBED_SWIFT_STANDARD_LIBRARIES = YES;
				BUNDLE_LOADER = "$(TEST_HOST)";
				CODE_SIGN_STYLE = Automatic;
				DEVELOPMENT_TEAM = T523PHK3SV;
				INFOPLIST_FILE = SwiftKnockAppTests/Info.plist;
				IPHONEOS_DEPLOYMENT_TARGET = 14.0;
				LD_RUNPATH_SEARCH_PATHS = (
					"$(inherited)",
					"@executable_path/Frameworks",
					"@loader_path/Frameworks",
				);
				PRODUCT_BUNDLE_IDENTIFIER = mayumi.yamanishi.SwiftKnockAppTests;
				PRODUCT_NAME = "$(TARGET_NAME)";
				SWIFT_VERSION = 5.0;
				TARGETED_DEVICE_FAMILY = "1,2";
				TEST_HOST = "$(BUILT_PRODUCTS_DIR)/SwiftKnockApp.app/SwiftKnockApp";
			};
			name = Debug;
		};
		9E32B25D2532B32300045EB1 /* Release */ = {
			isa = XCBuildConfiguration;
			baseConfigurationReference = F1CB73D4402A9A0744E500EB /* Pods-SwiftKnockAppTests.release.xcconfig */;
			buildSettings = {
				ALWAYS_EMBED_SWIFT_STANDARD_LIBRARIES = YES;
				BUNDLE_LOADER = "$(TEST_HOST)";
				CODE_SIGN_STYLE = Automatic;
				DEVELOPMENT_TEAM = T523PHK3SV;
				INFOPLIST_FILE = SwiftKnockAppTests/Info.plist;
				IPHONEOS_DEPLOYMENT_TARGET = 14.0;
				LD_RUNPATH_SEARCH_PATHS = (
					"$(inherited)",
					"@executable_path/Frameworks",
					"@loader_path/Frameworks",
				);
				PRODUCT_BUNDLE_IDENTIFIER = mayumi.yamanishi.SwiftKnockAppTests;
				PRODUCT_NAME = "$(TARGET_NAME)";
				SWIFT_VERSION = 5.0;
				TARGETED_DEVICE_FAMILY = "1,2";
				TEST_HOST = "$(BUILT_PRODUCTS_DIR)/SwiftKnockApp.app/SwiftKnockApp";
			};
			name = Release;
		};
		9E32B25F2532B32300045EB1 /* Debug */ = {
			isa = XCBuildConfiguration;
			baseConfigurationReference = 1E988C08C5776529AEE3F5DD /* Pods-SwiftKnockApp-SwiftKnockAppUITests.debug.xcconfig */;
			buildSettings = {
				ALWAYS_EMBED_SWIFT_STANDARD_LIBRARIES = YES;
				CODE_SIGN_STYLE = Automatic;
				DEVELOPMENT_TEAM = T523PHK3SV;
				INFOPLIST_FILE = SwiftKnockAppUITests/Info.plist;
				LD_RUNPATH_SEARCH_PATHS = (
					"$(inherited)",
					"@executable_path/Frameworks",
					"@loader_path/Frameworks",
				);
				PRODUCT_BUNDLE_IDENTIFIER = mayumi.yamanishi.SwiftKnockAppUITests;
				PRODUCT_NAME = "$(TARGET_NAME)";
				SWIFT_VERSION = 5.0;
				TARGETED_DEVICE_FAMILY = "1,2";
				TEST_TARGET_NAME = SwiftKnockApp;
			};
			name = Debug;
		};
		9E32B2602532B32300045EB1 /* Release */ = {
			isa = XCBuildConfiguration;
			baseConfigurationReference = 7D85EBB05688C00DF2CC1D53 /* Pods-SwiftKnockApp-SwiftKnockAppUITests.release.xcconfig */;
			buildSettings = {
				ALWAYS_EMBED_SWIFT_STANDARD_LIBRARIES = YES;
				CODE_SIGN_STYLE = Automatic;
				DEVELOPMENT_TEAM = T523PHK3SV;
				INFOPLIST_FILE = SwiftKnockAppUITests/Info.plist;
				LD_RUNPATH_SEARCH_PATHS = (
					"$(inherited)",
					"@executable_path/Frameworks",
					"@loader_path/Frameworks",
				);
				PRODUCT_BUNDLE_IDENTIFIER = mayumi.yamanishi.SwiftKnockAppUITests;
				PRODUCT_NAME = "$(TARGET_NAME)";
				SWIFT_VERSION = 5.0;
				TARGETED_DEVICE_FAMILY = "1,2";
				TEST_TARGET_NAME = SwiftKnockApp;
			};
			name = Release;
		};
/* End XCBuildConfiguration section */

/* Begin XCConfigurationList section */
		9E32B2262532B32200045EB1 /* Build configuration list for PBXProject "SwiftKnockApp" */ = {
			isa = XCConfigurationList;
			buildConfigurations = (
				9E32B2562532B32300045EB1 /* Debug */,
				9E32B2572532B32300045EB1 /* Release */,
			);
			defaultConfigurationIsVisible = 0;
			defaultConfigurationName = Release;
		};
		9E32B2582532B32300045EB1 /* Build configuration list for PBXNativeTarget "SwiftKnockApp" */ = {
			isa = XCConfigurationList;
			buildConfigurations = (
				9E32B2592532B32300045EB1 /* Debug */,
				9E32B25A2532B32300045EB1 /* Release */,
			);
			defaultConfigurationIsVisible = 0;
			defaultConfigurationName = Release;
		};
		9E32B25B2532B32300045EB1 /* Build configuration list for PBXNativeTarget "SwiftKnockAppTests" */ = {
			isa = XCConfigurationList;
			buildConfigurations = (
				9E32B25C2532B32300045EB1 /* Debug */,
				9E32B25D2532B32300045EB1 /* Release */,
			);
			defaultConfigurationIsVisible = 0;
			defaultConfigurationName = Release;
		};
		9E32B25E2532B32300045EB1 /* Build configuration list for PBXNativeTarget "SwiftKnockAppUITests" */ = {
			isa = XCConfigurationList;
			buildConfigurations = (
				9E32B25F2532B32300045EB1 /* Debug */,
				9E32B2602532B32300045EB1 /* Release */,
			);
			defaultConfigurationIsVisible = 0;
			defaultConfigurationName = Release;
		};
/* End XCConfigurationList section */

/* Begin XCVersionGroup section */
		9E32B2372532B32200045EB1 /* SwiftKnockApp.xcdatamodeld */ = {
			isa = XCVersionGroup;
			children = (
				9E32B2382532B32200045EB1 /* SwiftKnockApp.xcdatamodel */,
			);
			currentVersion = 9E32B2382532B32200045EB1 /* SwiftKnockApp.xcdatamodel */;
			path = SwiftKnockApp.xcdatamodeld;
			sourceTree = "<group>";
			versionGroupType = wrapper.xcdatamodel;
		};
/* End XCVersionGroup section */
	};
	rootObject = 9E32B2232532B32200045EB1 /* Project object */;
}
